
Microsoft Visual Studio Solution File, Format Version 12.00
# Visual Studio 15
VisualStudioVersion = 15.0.27004.2010
MinimumVisualStudioVersion = 10.0.40219.1
Project("{FAE04EC0-301F-11D3-BF4B-00C04F79EFBC}") = "BlurImageApp.Android", "BlurImageApp\BlurImageApp.Android\BlurImageApp.Android.csproj", "{79F757D9-EADC-42E5-A03B-36801F078991}"
EndProject
Project("{FAE04EC0-301F-11D3-BF4B-00C04F79EFBC}") = "BlurImageApp", "BlurImageApp\BlurImageApp\BlurImageApp.csproj", "{9D063C05-E7EE-4566-A8D1-242B08188943}"
EndProject
Project("{FAE04EC0-301F-11D3-BF4B-00C04F79EFBC}") = "BlurImageApp.UWP", "BlurImageApp\BlurImageApp.UWP\BlurImageApp.UWP.csproj", "{26B744A0-0D94-4F48-AC35-26792E154DE1}"
EndProject
Project("{FAE04EC0-301F-11D3-BF4B-00C04F79EFBC}") = "BlurImageApp.iOS", "BlurImageApp\BlurImageApp.iOS\BlurImageApp.iOS.csproj", "{DCF5D3AD-4AF9-4139-9616-431F1A48841D}"
EndProject
Global
	GlobalSection(SolutionConfigurationPlatforms) = preSolution
		Ad-Hoc|Any CPU = Ad-Hoc|Any CPU
		Ad-Hoc|ARM = Ad-Hoc|ARM
		Ad-Hoc|iPhone = Ad-Hoc|iPhone
		Ad-Hoc|iPhoneSimulator = Ad-Hoc|iPhoneSimulator
		Ad-Hoc|x64 = Ad-Hoc|x64
		Ad-Hoc|x86 = Ad-Hoc|x86
		AppStore|Any CPU = AppStore|Any CPU
		AppStore|ARM = AppStore|ARM
		AppStore|iPhone = AppStore|iPhone
		AppStore|iPhoneSimulator = AppStore|iPhoneSimulator
		AppStore|x64 = AppStore|x64
		AppStore|x86 = AppStore|x86
		Debug|Any CPU = Debug|Any CPU
		Debug|ARM = Debug|ARM
		Debug|iPhone = Debug|iPhone
		Debug|iPhoneSimulator = Debug|iPhoneSimulator
		Debug|x64 = Debug|x64
		Debug|x86 = Debug|x86
		Release|Any CPU = Release|Any CPU
		Release|ARM = Release|ARM
		Release|iPhone = Release|iPhone
		Release|iPhoneSimulator = Release|iPhoneSimulator
		Release|x64 = Release|x64
		Release|x86 = Release|x86
	EndGlobalSection
	GlobalSection(ProjectConfigurationPlatforms) = postSolution
		{79F757D9-EADC-42E5-A03B-36801F078991}.Ad-Hoc|Any CPU.ActiveCfg = Release|Any CPU
		{79F757D9-EADC-42E5-A03B-36801F078991}.Ad-Hoc|Any CPU.Build.0 = Release|Any CPU
		{79F757D9-EADC-42E5-A03B-36801F078991}.Ad-Hoc|Any CPU.Deploy.0 = Release|Any CPU
		{79F757D9-EADC-42E5-A03B-36801F078991}.Ad-Hoc|ARM.ActiveCfg = Release|Any CPU
		{79F757D9-EADC-42E5-A03B-36801F078991}.Ad-Hoc|ARM.Build.0 = Release|Any CPU
		{79F757D9-EADC-42E5-A03B-36801F078991}.Ad-Hoc|ARM.Deploy.0 = Release|Any CPU
		{79F757D9-EADC-42E5-A03B-36801F078991}.Ad-Hoc|iPhone.ActiveCfg = Release|Any CPU
		{79F757D9-EADC-42E5-A03B-36801F078991}.Ad-Hoc|iPhone.Build.0 = Release|Any CPU
		{79F757D9-EADC-42E5-A03B-36801F078991}.Ad-Hoc|iPhone.Deploy.0 = Release|Any CPU
		{79F757D9-EADC-42E5-A03B-36801F078991}.Ad-Hoc|iPhoneSimulator.ActiveCfg = Release|Any CPU
		{79F757D9-EADC-42E5-A03B-36801F078991}.Ad-Hoc|iPhoneSimulator.Build.0 = Release|Any CPU
		{79F757D9-EADC-42E5-A03B-36801F078991}.Ad-Hoc|iPhoneSimulator.Deploy.0 = Release|Any CPU
		{79F757D9-EADC-42E5-A03B-36801F078991}.Ad-Hoc|x64.ActiveCfg = Release|Any CPU
		{79F757D9-EADC-42E5-A03B-36801F078991}.Ad-Hoc|x64.Build.0 = Release|Any CPU
		{79F757D9-EADC-42E5-A03B-36801F078991}.Ad-Hoc|x64.Deploy.0 = Release|Any CPU
		{79F757D9-EADC-42E5-A03B-36801F078991}.Ad-Hoc|x86.ActiveCfg = Release|Any CPU
		{79F757D9-EADC-42E5-A03B-36801F078991}.Ad-Hoc|x86.Build.0 = Release|Any CPU
		{79F757D9-EADC-42E5-A03B-36801F078991}.Ad-Hoc|x86.Deploy.0 = Release|Any CPU
		{79F757D9-EADC-42E5-A03B-36801F078991}.AppStore|Any CPU.ActiveCfg = Release|Any CPU
		{79F757D9-EADC-42E5-A03B-36801F078991}.AppStore|Any CPU.Build.0 = Release|Any CPU
		{79F757D9-EADC-42E5-A03B-36801F078991}.AppStore|Any CPU.Deploy.0 = Release|Any CPU
		{79F757D9-EADC-42E5-A03B-36801F078991}.AppStore|ARM.ActiveCfg = Release|Any CPU
		{79F757D9-EADC-42E5-A03B-36801F078991}.AppStore|ARM.Build.0 = Release|Any CPU
		{79F757D9-EADC-42E5-A03B-36801F078991}.AppStore|ARM.Deploy.0 = Release|Any CPU
		{79F757D9-EADC-42E5-A03B-36801F078991}.AppStore|iPhone.ActiveCfg = Release|Any CPU
		{79F757D9-EADC-42E5-A03B-36801F078991}.AppStore|iPhone.Build.0 = Release|Any CPU
		{79F757D9-EADC-42E5-A03B-36801F078991}.AppStore|iPhone.Deploy.0 = Release|Any CPU
		{79F757D9-EADC-42E5-A03B-36801F078991}.AppStore|iPhoneSimulator.ActiveCfg = Release|Any CPU
		{79F757D9-EADC-42E5-A03B-36801F078991}.AppStore|iPhoneSimulator.Build.0 = Release|Any CPU
		{79F757D9-EADC-42E5-A03B-36801F078991}.AppStore|iPhoneSimulator.Deploy.0 = Release|Any CPU
		{79F757D9-EADC-42E5-A03B-36801F078991}.AppStore|x64.ActiveCfg = Release|Any CPU
		{79F757D9-EADC-42E5-A03B-36801F078991}.AppStore|x64.Build.0 = Release|Any CPU
		{79F757D9-EADC-42E5-A03B-36801F078991}.AppStore|x64.Deploy.0 = Release|Any CPU
		{79F757D9-EADC-42E5-A03B-36801F078991}.AppStore|x86.ActiveCfg = Release|Any CPU
		{79F757D9-EADC-42E5-A03B-36801F078991}.AppStore|x86.Build.0 = Release|Any CPU
		{79F757D9-EADC-42E5-A03B-36801F078991}.AppStore|x86.Deploy.0 = Release|Any CPU
		{79F757D9-EADC-42E5-A03B-36801F078991}.Debug|Any CPU.ActiveCfg = Debug|Any CPU
		{79F757D9-EADC-42E5-A03B-36801F078991}.Debug|Any CPU.Build.0 = Debug|Any CPU
		{79F757D9-EADC-42E5-A03B-36801F078991}.Debug|Any CPU.Deploy.0 = Debug|Any CPU
		{79F757D9-EADC-42E5-A03B-36801F078991}.Debug|ARM.ActiveCfg = Debug|Any CPU
		{79F757D9-EADC-42E5-A03B-36801F078991}.Debug|ARM.Build.0 = Debug|Any CPU
		{79F757D9-EADC-42E5-A03B-36801F078991}.Debug|ARM.Deploy.0 = Debug|Any CPU
		{79F757D9-EADC-42E5-A03B-36801F078991}.Debug|iPhone.ActiveCfg = Debug|Any CPU
		{79F757D9-EADC-42E5-A03B-36801F078991}.Debug|iPhone.Build.0 = Debug|Any CPU
		{79F757D9-EADC-42E5-A03B-36801F078991}.Debug|iPhone.Deploy.0 = Debug|Any CPU
		{79F757D9-EADC-42E5-A03B-36801F078991}.Debug|iPhoneSimulator.ActiveCfg = Debug|Any CPU
		{79F757D9-EADC-42E5-A03B-36801F078991}.Debug|iPhoneSimulator.Build.0 = Debug|Any CPU
		{79F757D9-EADC-42E5-A03B-36801F078991}.Debug|iPhoneSimulator.Deploy.0 = Debug|Any CPU
		{79F757D9-EADC-42E5-A03B-36801F078991}.Debug|x64.ActiveCfg = Debug|Any CPU
		{79F757D9-EADC-42E5-A03B-36801F078991}.Debug|x64.Build.0 = Debug|Any CPU
		{79F757D9-EADC-42E5-A03B-36801F078991}.Debug|x64.Deploy.0 = Debug|Any CPU
		{79F757D9-EADC-42E5-A03B-36801F078991}.Debug|x86.ActiveCfg = Debug|Any CPU
		{79F757D9-EADC-42E5-A03B-36801F078991}.Debug|x86.Build.0 = Debug|Any CPU
		{79F757D9-EADC-42E5-A03B-36801F078991}.Debug|x86.Deploy.0 = Debug|Any CPU
		{79F757D9-EADC-42E5-A03B-36801F078991}.Release|Any CPU.ActiveCfg = Release|Any CPU
		{79F757D9-EADC-42E5-A03B-36801F078991}.Release|Any CPU.Build.0 = Release|Any CPU
		{79F757D9-EADC-42E5-A03B-36801F078991}.Release|Any CPU.Deploy.0 = Release|Any CPU
		{79F757D9-EADC-42E5-A03B-36801F078991}.Release|ARM.ActiveCfg = Release|Any CPU
		{79F757D9-EADC-42E5-A03B-36801F078991}.Release|ARM.Build.0 = Release|Any CPU
		{79F757D9-EADC-42E5-A03B-36801F078991}.Release|ARM.Deploy.0 = Release|Any CPU
		{79F757D9-EADC-42E5-A03B-36801F078991}.Release|iPhone.ActiveCfg = Release|Any CPU
		{79F757D9-EADC-42E5-A03B-36801F078991}.Release|iPhone.Build.0 = Release|Any CPU
		{79F757D9-EADC-42E5-A03B-36801F078991}.Release|iPhone.Deploy.0 = Release|Any CPU
		{79F757D9-EADC-42E5-A03B-36801F078991}.Release|iPhoneSimulator.ActiveCfg = Release|Any CPU
		{79F757D9-EADC-42E5-A03B-36801F078991}.Release|iPhoneSimulator.Build.0 = Release|Any CPU
		{79F757D9-EADC-42E5-A03B-36801F078991}.Release|iPhoneSimulator.Deploy.0 = Release|Any CPU
		{79F757D9-EADC-42E5-A03B-36801F078991}.Release|x64.ActiveCfg = Release|Any CPU
		{79F757D9-EADC-42E5-A03B-36801F078991}.Release|x64.Build.0 = Release|Any CPU
		{79F757D9-EADC-42E5-A03B-36801F078991}.Release|x64.Deploy.0 = Release|Any CPU
		{79F757D9-EADC-42E5-A03B-36801F078991}.Release|x86.ActiveCfg = Release|Any CPU
		{79F757D9-EADC-42E5-A03B-36801F078991}.Release|x86.Build.0 = Release|Any CPU
		{79F757D9-EADC-42E5-A03B-36801F078991}.Release|x86.Deploy.0 = Release|Any CPU
		{9D063C05-E7EE-4566-A8D1-242B08188943}.Ad-Hoc|Any CPU.ActiveCfg = Release|Any CPU
		{9D063C05-E7EE-4566-A8D1-242B08188943}.Ad-Hoc|Any CPU.Build.0 = Release|Any CPU
		{9D063C05-E7EE-4566-A8D1-242B08188943}.Ad-Hoc|ARM.ActiveCfg = Release|Any CPU
		{9D063C05-E7EE-4566-A8D1-242B08188943}.Ad-Hoc|ARM.Build.0 = Release|Any CPU
		{9D063C05-E7EE-4566-A8D1-242B08188943}.Ad-Hoc|iPhone.ActiveCfg = Release|Any CPU
		{9D063C05-E7EE-4566-A8D1-242B08188943}.Ad-Hoc|iPhone.Build.0 = Release|Any CPU
		{9D063C05-E7EE-4566-A8D1-242B08188943}.Ad-Hoc|iPhoneSimulator.ActiveCfg = Release|Any CPU
		{9D063C05-E7EE-4566-A8D1-242B08188943}.Ad-Hoc|iPhoneSimulator.Build.0 = Release|Any CPU
		{9D063C05-E7EE-4566-A8D1-242B08188943}.Ad-Hoc|x64.ActiveCfg = Release|Any CPU
		{9D063C05-E7EE-4566-A8D1-242B08188943}.Ad-Hoc|x64.Build.0 = Release|Any CPU
		{9D063C05-E7EE-4566-A8D1-242B08188943}.Ad-Hoc|x86.ActiveCfg = Release|Any CPU
		{9D063C05-E7EE-4566-A8D1-242B08188943}.Ad-Hoc|x86.Build.0 = Release|Any CPU
		{9D063C05-E7EE-4566-A8D1-242B08188943}.AppStore|Any CPU.ActiveCfg = Release|Any CPU
		{9D063C05-E7EE-4566-A8D1-242B08188943}.AppStore|Any CPU.Build.0 = Release|Any CPU
		{9D063C05-E7EE-4566-A8D1-242B08188943}.AppStore|ARM.ActiveCfg = Release|Any CPU
		{9D063C05-E7EE-4566-A8D1-242B08188943}.AppStore|ARM.Build.0 = Release|Any CPU
		{9D063C05-E7EE-4566-A8D1-242B08188943}.AppStore|iPhone.ActiveCfg = Release|Any CPU
		{9D063C05-E7EE-4566-A8D1-242B08188943}.AppStore|iPhone.Build.0 = Release|Any CPU
		{9D063C05-E7EE-4566-A8D1-242B08188943}.AppStore|iPhoneSimulator.ActiveCfg = Release|Any CPU
		{9D063C05-E7EE-4566-A8D1-242B08188943}.AppStore|iPhoneSimulator.Build.0 = Release|Any CPU
		{9D063C05-E7EE-4566-A8D1-242B08188943}.AppStore|x64.ActiveCfg = Release|Any CPU
		{9D063C05-E7EE-4566-A8D1-242B08188943}.AppStore|x64.Build.0 = Release|Any CPU
		{9D063C05-E7EE-4566-A8D1-242B08188943}.AppStore|x86.ActiveCfg = Release|Any CPU
		{9D063C05-E7EE-4566-A8D1-242B08188943}.AppStore|x86.Build.0 = Release|Any CPU
		{9D063C05-E7EE-4566-A8D1-242B08188943}.Debug|Any CPU.ActiveCfg = Debug|Any CPU
		{9D063C05-E7EE-4566-A8D1-242B08188943}.Debug|Any CPU.Build.0 = Debug|Any CPU
		{9D063C05-E7EE-4566-A8D1-242B08188943}.Debug|ARM.ActiveCfg = Debug|Any CPU
		{9D063C05-E7EE-4566-A8D1-242B08188943}.Debug|ARM.Build.0 = Debug|Any CPU
		{9D063C05-E7EE-4566-A8D1-242B08188943}.Debug|iPhone.ActiveCfg = Debug|Any CPU
		{9D063C05-E7EE-4566-A8D1-242B08188943}.Debug|iPhone.Build.0 = Debug|Any CPU
		{9D063C05-E7EE-4566-A8D1-242B08188943}.Debug|iPhoneSimulator.ActiveCfg = Debug|Any CPU
		{9D063C05-E7EE-4566-A8D1-242B08188943}.Debug|iPhoneSimulator.Build.0 = Debug|Any CPU
		{9D063C05-E7EE-4566-A8D1-242B08188943}.Debug|x64.ActiveCfg = Debug|Any CPU
		{9D063C05-E7EE-4566-A8D1-242B08188943}.Debug|x64.Build.0 = Debug|Any CPU
		{9D063C05-E7EE-4566-A8D1-242B08188943}.Debug|x86.ActiveCfg = Debug|Any CPU
		{9D063C05-E7EE-4566-A8D1-242B08188943}.Debug|x86.Build.0 = Debug|Any CPU
		{9D063C05-E7EE-4566-A8D1-242B08188943}.Release|Any CPU.ActiveCfg = Release|Any CPU
		{9D063C05-E7EE-4566-A8D1-242B08188943}.Release|Any CPU.Build.0 = Release|Any CPU
		{9D063C05-E7EE-4566-A8D1-242B08188943}.Release|ARM.ActiveCfg = Release|Any CPU
		{9D063C05-E7EE-4566-A8D1-242B08188943}.Release|ARM.Build.0 = Release|Any CPU
		{9D063C05-E7EE-4566-A8D1-242B08188943}.Release|iPhone.ActiveCfg = Release|Any CPU
		{9D063C05-E7EE-4566-A8D1-242B08188943}.Release|iPhone.Build.0 = Release|Any CPU
		{9D063C05-E7EE-4566-A8D1-242B08188943}.Release|iPhoneSimulator.ActiveCfg = Release|Any CPU
		{9D063C05-E7EE-4566-A8D1-242B08188943}.Release|iPhoneSimulator.Build.0 = Release|Any CPU
		{9D063C05-E7EE-4566-A8D1-242B08188943}.Release|x64.ActiveCfg = Release|Any CPU
		{9D063C05-E7EE-4566-A8D1-242B08188943}.Release|x64.Build.0 = Release|Any CPU
		{9D063C05-E7EE-4566-A8D1-242B08188943}.Release|x86.ActiveCfg = Release|Any CPU
		{9D063C05-E7EE-4566-A8D1-242B08188943}.Release|x86.Build.0 = Release|Any CPU
		{26B744A0-0D94-4F48-AC35-26792E154DE1}.Ad-Hoc|Any CPU.ActiveCfg = Release|x86
		{26B744A0-0D94-4F48-AC35-26792E154DE1}.Ad-Hoc|Any CPU.Build.0 = Release|x86
		{26B744A0-0D94-4F48-AC35-26792E154DE1}.Ad-Hoc|Any CPU.Deploy.0 = Release|x86
		{26B744A0-0D94-4F48-AC35-26792E154DE1}.Ad-Hoc|ARM.ActiveCfg = Release|ARM
		{26B744A0-0D94-4F48-AC35-26792E154DE1}.Ad-Hoc|ARM.Build.0 = Release|ARM
		{26B744A0-0D94-4F48-AC35-26792E154DE1}.Ad-Hoc|ARM.Deploy.0 = Release|ARM
		{26B744A0-0D94-4F48-AC35-26792E154DE1}.Ad-Hoc|iPhone.ActiveCfg = Release|x86
		{26B744A0-0D94-4F48-AC35-26792E154DE1}.Ad-Hoc|iPhone.Build.0 = Release|x86
		{26B744A0-0D94-4F48-AC35-26792E154DE1}.Ad-Hoc|iPhone.Deploy.0 = Release|x86
		{26B744A0-0D94-4F48-AC35-26792E154DE1}.Ad-Hoc|iPhoneSimulator.ActiveCfg = Release|x86
		{26B744A0-0D94-4F48-AC35-26792E154DE1}.Ad-Hoc|iPhoneSimulator.Build.0 = Release|x86
		{26B744A0-0D94-4F48-AC35-26792E154DE1}.Ad-Hoc|iPhoneSimulator.Deploy.0 = Release|x86
		{26B744A0-0D94-4F48-AC35-26792E154DE1}.Ad-Hoc|x64.ActiveCfg = Release|x64
		{26B744A0-0D94-4F48-AC35-26792E154DE1}.Ad-Hoc|x64.Build.0 = Release|x64
		{26B744A0-0D94-4F48-AC35-26792E154DE1}.Ad-Hoc|x64.Deploy.0 = Release|x64
		{26B744A0-0D94-4F48-AC35-26792E154DE1}.Ad-Hoc|x86.ActiveCfg = Release|x86
		{26B744A0-0D94-4F48-AC35-26792E154DE1}.Ad-Hoc|x86.Build.0 = Release|x86
		{26B744A0-0D94-4F48-AC35-26792E154DE1}.Ad-Hoc|x86.Deploy.0 = Release|x86
		{26B744A0-0D94-4F48-AC35-26792E154DE1}.AppStore|Any CPU.ActiveCfg = Release|x86
		{26B744A0-0D94-4F48-AC35-26792E154DE1}.AppStore|Any CPU.Build.0 = Release|x86
		{26B744A0-0D94-4F48-AC35-26792E154DE1}.AppStore|Any CPU.Deploy.0 = Release|x86
		{26B744A0-0D94-4F48-AC35-26792E154DE1}.AppStore|ARM.ActiveCfg = Release|ARM
		{26B744A0-0D94-4F48-AC35-26792E154DE1}.AppStore|ARM.Build.0 = Release|ARM
		{26B744A0-0D94-4F48-AC35-26792E154DE1}.AppStore|ARM.Deploy.0 = Release|ARM
		{26B744A0-0D94-4F48-AC35-26792E154DE1}.AppStore|iPhone.ActiveCfg = Release|x86
		{26B744A0-0D94-4F48-AC35-26792E154DE1}.AppStore|iPhone.Build.0 = Release|x86
		{26B744A0-0D94-4F48-AC35-26792E154DE1}.AppStore|iPhone.Deploy.0 = Release|x86
		{26B744A0-0D94-4F48-AC35-26792E154DE1}.AppStore|iPhoneSimulator.ActiveCfg = Release|x86
		{26B744A0-0D94-4F48-AC35-26792E154DE1}.AppStore|iPhoneSimulator.Build.0 = Release|x86
		{26B744A0-0D94-4F48-AC35-26792E154DE1}.AppStore|iPhoneSimulator.Deploy.0 = Release|x86
		{26B744A0-0D94-4F48-AC35-26792E154DE1}.AppStore|x64.ActiveCfg = Release|x64
		{26B744A0-0D94-4F48-AC35-26792E154DE1}.AppStore|x64.Build.0 = Release|x64
		{26B744A0-0D94-4F48-AC35-26792E154DE1}.AppStore|x64.Deploy.0 = Release|x64
		{26B744A0-0D94-4F48-AC35-26792E154DE1}.AppStore|x86.ActiveCfg = Release|x86
		{26B744A0-0D94-4F48-AC35-26792E154DE1}.AppStore|x86.Build.0 = Release|x86
		{26B744A0-0D94-4F48-AC35-26792E154DE1}.AppStore|x86.Deploy.0 = Release|x86
		{26B744A0-0D94-4F48-AC35-26792E154DE1}.Debug|Any CPU.ActiveCfg = Debug|x86
		{26B744A0-0D94-4F48-AC35-26792E154DE1}.Debug|ARM.ActiveCfg = Debug|ARM
		{26B744A0-0D94-4F48-AC35-26792E154DE1}.Debug|ARM.Build.0 = Debug|ARM
		{26B744A0-0D94-4F48-AC35-26792E154DE1}.Debug|ARM.Deploy.0 = Debug|ARM
		{26B744A0-0D94-4F48-AC35-26792E154DE1}.Debug|iPhone.ActiveCfg = Debug|x86
		{26B744A0-0D94-4F48-AC35-26792E154DE1}.Debug|iPhoneSimulator.ActiveCfg = Debug|x86
		{26B744A0-0D94-4F48-AC35-26792E154DE1}.Debug|x64.ActiveCfg = Debug|x64
		{26B744A0-0D94-4F48-AC35-26792E154DE1}.Debug|x64.Build.0 = Debug|x64
		{26B744A0-0D94-4F48-AC35-26792E154DE1}.Debug|x64.Deploy.0 = Debug|x64
		{26B744A0-0D94-4F48-AC35-26792E154DE1}.Debug|x86.ActiveCfg = Debug|x86
		{26B744A0-0D94-4F48-AC35-26792E154DE1}.Debug|x86.Build.0 = Debug|x86
		{26B744A0-0D94-4F48-AC35-26792E154DE1}.Debug|x86.Deploy.0 = Debug|x86
		{26B744A0-0D94-4F48-AC35-26792E154DE1}.Release|Any CPU.ActiveCfg = Release|x86
		{26B744A0-0D94-4F48-AC35-26792E154DE1}.Release|ARM.ActiveCfg = Release|ARM
		{26B744A0-0D94-4F48-AC35-26792E154DE1}.Release|ARM.Build.0 = Release|ARM
		{26B744A0-0D94-4F48-AC35-26792E154DE1}.Release|ARM.Deploy.0 = Release|ARM
		{26B744A0-0D94-4F48-AC35-26792E154DE1}.Release|iPhone.ActiveCfg = Release|x86
		{26B744A0-0D94-4F48-AC35-26792E154DE1}.Release|iPhoneSimulator.ActiveCfg = Release|x86
		{26B744A0-0D94-4F48-AC35-26792E154DE1}.Release|x64.ActiveCfg = Release|x64
		{26B744A0-0D94-4F48-AC35-26792E154DE1}.Release|x64.Build.0 = Release|x64
		{26B744A0-0D94-4F48-AC35-26792E154DE1}.Release|x64.Deploy.0 = Release|x64
		{26B744A0-0D94-4F48-AC35-26792E154DE1}.Release|x86.ActiveCfg = Release|x86
		{26B744A0-0D94-4F48-AC35-26792E154DE1}.Release|x86.Build.0 = Release|x86
		{26B744A0-0D94-4F48-AC35-26792E154DE1}.Release|x86.Deploy.0 = Release|x86
		{DCF5D3AD-4AF9-4139-9616-431F1A48841D}.Ad-Hoc|Any CPU.ActiveCfg = Ad-Hoc|iPhoneSimulator
		{DCF5D3AD-4AF9-4139-9616-431F1A48841D}.Ad-Hoc|ARM.ActiveCfg = Ad-Hoc|iPhone
		{DCF5D3AD-4AF9-4139-9616-431F1A48841D}.Ad-Hoc|iPhone.ActiveCfg = Ad-Hoc|iPhone
		{DCF5D3AD-4AF9-4139-9616-431F1A48841D}.Ad-Hoc|iPhone.Build.0 = Ad-Hoc|iPhone
		{DCF5D3AD-4AF9-4139-9616-431F1A48841D}.Ad-Hoc|iPhoneSimulator.ActiveCfg = Ad-Hoc|iPhoneSimulator
		{DCF5D3AD-4AF9-4139-9616-431F1A48841D}.Ad-Hoc|iPhoneSimulator.Build.0 = Ad-Hoc|iPhoneSimulator
		{DCF5D3AD-4AF9-4139-9616-431F1A48841D}.Ad-Hoc|x64.ActiveCfg = Ad-Hoc|iPhone
		{DCF5D3AD-4AF9-4139-9616-431F1A48841D}.Ad-Hoc|x86.ActiveCfg = Ad-Hoc|iPhone
		{DCF5D3AD-4AF9-4139-9616-431F1A48841D}.AppStore|Any CPU.ActiveCfg = AppStore|iPhoneSimulator
		{DCF5D3AD-4AF9-4139-9616-431F1A48841D}.AppStore|ARM.ActiveCfg = AppStore|iPhone
		{DCF5D3AD-4AF9-4139-9616-431F1A48841D}.AppStore|iPhone.ActiveCfg = AppStore|iPhone
		{DCF5D3AD-4AF9-4139-9616-431F1A48841D}.AppStore|iPhone.Build.0 = AppStore|iPhone
		{DCF5D3AD-4AF9-4139-9616-431F1A48841D}.AppStore|iPhoneSimulator.ActiveCfg = AppStore|iPhoneSimulator
		{DCF5D3AD-4AF9-4139-9616-431F1A48841D}.AppStore|iPhoneSimulator.Build.0 = AppStore|iPhoneSimulator
		{DCF5D3AD-4AF9-4139-9616-431F1A48841D}.AppStore|x64.ActiveCfg = AppStore|iPhone
		{DCF5D3AD-4AF9-4139-9616-431F1A48841D}.AppStore|x86.ActiveCfg = AppStore|iPhone
		{DCF5D3AD-4AF9-4139-9616-431F1A48841D}.Debug|Any CPU.ActiveCfg = Debug|iPhoneSimulator
		{DCF5D3AD-4AF9-4139-9616-431F1A48841D}.Debug|ARM.ActiveCfg = Debug|iPhone
		{DCF5D3AD-4AF9-4139-9616-431F1A48841D}.Debug|iPhone.ActiveCfg = Debug|iPhone
		{DCF5D3AD-4AF9-4139-9616-431F1A48841D}.Debug|iPhone.Build.0 = Debug|iPhone
		{DCF5D3AD-4AF9-4139-9616-431F1A48841D}.Debug|iPhoneSimulator.ActiveCfg = Debug|iPhoneSimulator
		{DCF5D3AD-4AF9-4139-9616-431F1A48841D}.Debug|iPhoneSimulator.Build.0 = Debug|iPhoneSimulator
		{DCF5D3AD-4AF9-4139-9616-431F1A48841D}.Debug|x64.ActiveCfg = Debug|iPhone
		{DCF5D3AD-4AF9-4139-9616-431F1A48841D}.Debug|x86.ActiveCfg = Debug|iPhone
		{DCF5D3AD-4AF9-4139-9616-431F1A48841D}.Release|Any CPU.ActiveCfg = Release|iPhoneSimulator
		{DCF5D3AD-4AF9-4139-9616-431F1A48841D}.Release|ARM.ActiveCfg = Release|iPhone
		{DCF5D3AD-4AF9-4139-9616-431F1A48841D}.Release|iPhone.ActiveCfg = Release|iPhone
		{DCF5D3AD-4AF9-4139-9616-431F1A48841D}.Release|iPhone.Build.0 = Release|iPhone
		{DCF5D3AD-4AF9-4139-9616-431F1A48841D}.Release|iPhoneSimulator.ActiveCfg = Release|iPhoneSimulator
		{DCF5D3AD-4AF9-4139-9616-431F1A48841D}.Release|iPhoneSimulator.Build.0 = Release|iPhoneSimulator
		{DCF5D3AD-4AF9-4139-9616-431F1A48841D}.Release|x64.ActiveCfg = Release|iPhone
		{DCF5D3AD-4AF9-4139-9616-431F1A48841D}.Release|x86.ActiveCfg = Release|iPhone
	EndGlobalSection
	GlobalSection(SolutionProperties) = preSolution
		HideSolutionNode = FALSE
	EndGlobalSection
	GlobalSection(ExtensibilityGlobals) = postSolution
		SolutionGuid = {7CF8E2D6-9BBC-4D25-8977-06C4323098C8}
	EndGlobalSection
EndGlobal
